// !$*UTF8*$!
{
	archiveVersion = 1;
	classes = {
	};
	objectVersion = 56;
	objects = {

/* Begin PBXBuildFile section */
		97F7935029DEE28700C16803 /* Note_AppApp.swift in Sources */ = {isa = PBXBuildFile; fileRef = 97F7934F29DEE28700C16803 /* Note_AppApp.swift */; };
		97F7935229DEE28700C16803 /* ContentView.swift in Sources */ = {isa = PBXBuildFile; fileRef = 97F7935129DEE28700C16803 /* ContentView.swift */; };
		97F7935429DEE28900C16803 /* Assets.xcassets in Resources */ = {isa = PBXBuildFile; fileRef = 97F7935329DEE28900C16803 /* Assets.xcassets */; };
		97F7935729DEE28900C16803 /* Preview Assets.xcassets in Resources */ = {isa = PBXBuildFile; fileRef = 97F7935629DEE28900C16803 /* Preview Assets.xcassets */; };
		97F7935929DEE28900C16803 /* Persistence.swift in Sources */ = {isa = PBXBuildFile; fileRef = 97F7935829DEE28900C16803 /* Persistence.swift */; };
		97F7935C29DEE28900C16803 /* Note_App.xcdatamodeld in Sources */ = {isa = PBXBuildFile; fileRef = 97F7935A29DEE28900C16803 /* Note_App.xcdatamodeld */; };
		97F7936629DEE28A00C16803 /* Note_AppTests.swift in Sources */ = {isa = PBXBuildFile; fileRef = 97F7936529DEE28A00C16803 /* Note_AppTests.swift */; };
		97F7937029DEE28A00C16803 /* Note_AppUITests.swift in Sources */ = {isa = PBXBuildFile; fileRef = 97F7936F29DEE28A00C16803 /* Note_AppUITests.swift */; };
		97F7937229DEE28A00C16803 /* Note_AppUITestsLaunchTests.swift in Sources */ = {isa = PBXBuildFile; fileRef = 97F7937129DEE28A00C16803 /* Note_AppUITestsLaunchTests.swift */; };
/* End PBXBuildFile section */

/* Begin PBXContainerItemProxy section */
		97F7936229DEE28A00C16803 /* PBXContainerItemProxy */ = {
			isa = PBXContainerItemProxy;
			containerPortal = 97F7934429DEE28700C16803 /* Project object */;
			proxyType = 1;
			remoteGlobalIDString = 97F7934B29DEE28700C16803;
			remoteInfo = "Note App";
		};
		97F7936C29DEE28A00C16803 /* PBXContainerItemProxy */ = {
			isa = PBXContainerItemProxy;
			containerPortal = 97F7934429DEE28700C16803 /* Project object */;
			proxyType = 1;
			remoteGlobalIDString = 97F7934B29DEE28700C16803;
			remoteInfo = "Note App";
		};
/* End PBXContainerItemProxy section */

/* Begin PBXFileReference section */
		97F7934C29DEE28700C16803 /* Note App.app */ = {isa = PBXFileReference; explicitFileType = wrapper.application; includeInIndex = 0; path = "Note App.app"; sourceTree = BUILT_PRODUCTS_DIR; };
		97F7934F29DEE28700C16803 /* Note_AppApp.swift */ = {isa = PBXFileReference; lastKnownFileType = sourcecode.swift; path = Note_AppApp.swift; sourceTree = "<group>"; };
		97F7935129DEE28700C16803 /* ContentView.swift */ = {isa = PBXFileReference; lastKnownFileType = sourcecode.swift; path = ContentView.swift; sourceTree = "<group>"; };
		97F7935329DEE28900C16803 /* Assets.xcassets */ = {isa = PBXFileReference; lastKnownFileType = folder.assetcatalog; path = Assets.xcassets; sourceTree = "<group>"; };
		97F7935629DEE28900C16803 /* Preview Assets.xcassets */ = {isa = PBXFileReference; lastKnownFileType = folder.assetcatalog; path = "Preview Assets.xcassets"; sourceTree = "<group>"; };
		97F7935829DEE28900C16803 /* Persistence.swift */ = {isa = PBXFileReference; lastKnownFileType = sourcecode.swift; path = Persistence.swift; sourceTree = "<group>"; };
		97F7935B29DEE28900C16803 /* Note_App.xcdatamodel */ = {isa = PBXFileReference; lastKnownFileType = wrapper.xcdatamodel; path = Note_App.xcdatamodel; sourceTree = "<group>"; };
		97F7936129DEE28A00C16803 /* Note AppTests.xctest */ = {isa = PBXFileReference; explicitFileType = wrapper.cfbundle; includeInIndex = 0; path = "Note AppTests.xctest"; sourceTree = BUILT_PRODUCTS_DIR; };
		97F7936529DEE28A00C16803 /* Note_AppTests.swift */ = {isa = PBXFileReference; lastKnownFileType = sourcecode.swift; path = Note_AppTests.swift; sourceTree = "<group>"; };
		97F7936B29DEE28A00C16803 /* Note AppUITests.xctest */ = {isa = PBXFileReference; explicitFileType = wrapper.cfbundle; includeInIndex = 0; path = "Note AppUITests.xctest"; sourceTree = BUILT_PRODUCTS_DIR; };
		97F7936F29DEE28A00C16803 /* Note_AppUITests.swift */ = {isa = PBXFileReference; lastKnownFileType = sourcecode.swift; path = Note_AppUITests.swift; sourceTree = "<group>"; };
		97F7937129DEE28A00C16803 /* Note_AppUITestsLaunchTests.swift */ = {isa = PBXFileReference; lastKnownFileType = sourcecode.swift; path = Note_AppUITestsLaunchTests.swift; sourceTree = "<group>"; };
/* End PBXFileReference section */

/* Begin PBXFrameworksBuildPhase section */
		97F7934929DEE28700C16803 /* Frameworks */ = {
			isa = PBXFrameworksBuildPhase;
			buildActionMask = 2147483647;
			files = (
			);
			runOnlyForDeploymentPostprocessing = 0;
		};
		97F7935E29DEE28A00C16803 /* Frameworks */ = {
			isa = PBXFrameworksBuildPhase;
			buildActionMask = 2147483647;
			files = (
			);
			runOnlyForDeploymentPostprocessing = 0;
		};
		97F7936829DEE28A00C16803 /* Frameworks */ = {
			isa = PBXFrameworksBuildPhase;
			buildActionMask = 2147483647;
			files = (
			);
			runOnlyForDeploymentPostprocessing = 0;
		};
/* End PBXFrameworksBuildPhase section */

/* Begin PBXGroup section */
		97F7934329DEE28700C16803 = {
			isa = PBXGroup;
			children = (
				97F7934E29DEE28700C16803 /* Note App */,
				97F7936429DEE28A00C16803 /* Note AppTests */,
				97F7936E29DEE28A00C16803 /* Note AppUITests */,
				97F7934D29DEE28700C16803 /* Products */,
			);
			sourceTree = "<group>";
		};
		97F7934D29DEE28700C16803 /* Products */ = {
			isa = PBXGroup;
			children = (
				97F7934C29DEE28700C16803 /* Note App.app */,
				97F7936129DEE28A00C16803 /* Note AppTests.xctest */,
				97F7936B29DEE28A00C16803 /* Note AppUITests.xctest */,
			);
			name = Products;
			sourceTree = "<group>";
		};
		97F7934E29DEE28700C16803 /* Note App */ = {
			isa = PBXGroup;
			children = (
				97F7934F29DEE28700C16803 /* Note_AppApp.swift */,
				97F7935129DEE28700C16803 /* ContentView.swift */,
				97F7935329DEE28900C16803 /* Assets.xcassets */,
				97F7935829DEE28900C16803 /* Persistence.swift */,
				97F7935A29DEE28900C16803 /* Note_App.xcdatamodeld */,
				97F7935529DEE28900C16803 /* Preview Content */,
			);
			path = "Note App";
			sourceTree = "<group>";
		};
		97F7935529DEE28900C16803 /* Preview Content */ = {
			isa = PBXGroup;
			children = (
				97F7935629DEE28900C16803 /* Preview Assets.xcassets */,
			);
			path = "Preview Content";
			sourceTree = "<group>";
		};
		97F7936429DEE28A00C16803 /* Note AppTests */ = {
			isa = PBXGroup;
			children = (
				97F7936529DEE28A00C16803 /* Note_AppTests.swift */,
			);
			path = "Note AppTests";
			sourceTree = "<group>";
		};
		97F7936E29DEE28A00C16803 /* Note AppUITests */ = {
			isa = PBXGroup;
			children = (
				97F7936F29DEE28A00C16803 /* Note_AppUITests.swift */,
				97F7937129DEE28A00C16803 /* Note_AppUITestsLaunchTests.swift */,
			);
			path = "Note AppUITests";
			sourceTree = "<group>";
		};
/* End PBXGroup section */

/* Begin PBXNativeTarget section */
		97F7934B29DEE28700C16803 /* Note App */ = {
			isa = PBXNativeTarget;
			buildConfigurationList = 97F7937529DEE28A00C16803 /* Build configuration list for PBXNativeTarget "Note App" */;
			buildPhases = (
				97F7934829DEE28700C16803 /* Sources */,
				97F7934929DEE28700C16803 /* Frameworks */,
				97F7934A29DEE28700C16803 /* Resources */,
			);
			buildRules = (
			);
			dependencies = (
			);
			name = "Note App";
			productName = "Note App";
			productReference = 97F7934C29DEE28700C16803 /* Note App.app */;
			productType = "com.apple.product-type.application";
		};
		97F7936029DEE28A00C16803 /* Note AppTests */ = {
			isa = PBXNativeTarget;
			buildConfigurationList = 97F7937829DEE28A00C16803 /* Build configuration list for PBXNativeTarget "Note AppTests" */;
			buildPhases = (
				97F7935D29DEE28A00C16803 /* Sources */,
				97F7935E29DEE28A00C16803 /* Frameworks */,
				97F7935F29DEE28A00C16803 /* Resources */,
			);
			buildRules = (
			);
			dependencies = (
				97F7936329DEE28A00C16803 /* PBXTargetDependency */,
			);
			name = "Note AppTests";
			productName = "Note AppTests";
			productReference = 97F7936129DEE28A00C16803 /* Note AppTests.xctest */;
			productType = "com.apple.product-type.bundle.unit-test";
		};
		97F7936A29DEE28A00C16803 /* Note AppUITests */ = {
			isa = PBXNativeTarget;
			buildConfigurationList = 97F7937B29DEE28A00C16803 /* Build configuration list for PBXNativeTarget "Note AppUITests" */;
			buildPhases = (
				97F7936729DEE28A00C16803 /* Sources */,
				97F7936829DEE28A00C16803 /* Frameworks */,
				97F7936929DEE28A00C16803 /* Resources */,
			);
			buildRules = (
			);
			dependencies = (
				97F7936D29DEE28A00C16803 /* PBXTargetDependency */,
			);
			name = "Note AppUITests";
			productName = "Note AppUITests";
			productReference = 97F7936B29DEE28A00C16803 /* Note AppUITests.xctest */;
			productType = "com.apple.product-type.bundle.ui-testing";
		};
/* End PBXNativeTarget section */

/* Begin PBXProject section */
		97F7934429DEE28700C16803 /* Project object */ = {
			isa = PBXProject;
			attributes = {
				BuildIndependentTargetsInParallel = 1;
				LastSwiftUpdateCheck = 1400;
				LastUpgradeCheck = 1400;
				TargetAttributes = {
					97F7934B29DEE28700C16803 = {
						CreatedOnToolsVersion = 14.0.1;
					};
					97F7936029DEE28A00C16803 = {
						CreatedOnToolsVersion = 14.0.1;
						TestTargetID = 97F7934B29DEE28700C16803;
					};
					97F7936A29DEE28A00C16803 = {
						CreatedOnToolsVersion = 14.0.1;
						TestTargetID = 97F7934B29DEE28700C16803;
					};
				};
			};
			buildConfigurationList = 97F7934729DEE28700C16803 /* Build configuration list for PBXProject "Note App" */;
			compatibilityVersion = "Xcode 14.0";
			developmentRegion = en;
			hasScannedForEncodings = 0;
			knownRegions = (
				en,
				Base,
			);
			mainGroup = 97F7934329DEE28700C16803;
			productRefGroup = 97F7934D29DEE28700C16803 /* Products */;
			projectDirPath = "";
			projectRoot = "";
			targets = (
				97F7934B29DEE28700C16803 /* Note App */,
				97F7936029DEE28A00C16803 /* Note AppTests */,
				97F7936A29DEE28A00C16803 /* Note AppUITests */,
			);
		};
/* End PBXProject section */

/* Begin PBXResourcesBuildPhase section */
		97F7934A29DEE28700C16803 /* Resources */ = {
			isa = PBXResourcesBuildPhase;
			buildActionMask = 2147483647;
			files = (
				97F7935729DEE28900C16803 /* Preview Assets.xcassets in Resources */,
				97F7935429DEE28900C16803 /* Assets.xcassets in Resources */,
			);
			runOnlyForDeploymentPostprocessing = 0;
		};
		97F7935F29DEE28A00C16803 /* Resources */ = {
			isa = PBXResourcesBuildPhase;
			buildActionMask = 2147483647;
			files = (
			);
			runOnlyForDeploymentPostprocessing = 0;
		};
		97F7936929DEE28A00C16803 /* Resources */ = {
			isa = PBXResourcesBuildPhase;
			buildActionMask = 2147483647;
			files = (
			);
			runOnlyForDeploymentPostprocessing = 0;
		};
/* End PBXResourcesBuildPhase section */

/* Begin PBXSourcesBuildPhase section */
		97F7934829DEE28700C16803 /* Sources */ = {
			isa = PBXSourcesBuildPhase;
			buildActionMask = 2147483647;
			files = (
				97F7935929DEE28900C16803 /* Persistence.swift in Sources */,
				97F7935229DEE28700C16803 /* ContentView.swift in Sources */,
				97F7935029DEE28700C16803 /* Note_AppApp.swift in Sources */,
				97F7935C29DEE28900C16803 /* Note_App.xcdatamodeld in Sources */,
			);
			runOnlyForDeploymentPostprocessing = 0;
		};
		97F7935D29DEE28A00C16803 /* Sources */ = {
			isa = PBXSourcesBuildPhase;
			buildActionMask = 2147483647;
			files = (
				97F7936629DEE28A00C16803 /* Note_AppTests.swift in Sources */,
			);
			runOnlyForDeploymentPostprocessing = 0;
		};
		97F7936729DEE28A00C16803 /* Sources */ = {
			isa = PBXSourcesBuildPhase;
			buildActionMask = 2147483647;
			files = (
				97F7937229DEE28A00C16803 /* Note_AppUITestsLaunchTests.swift in Sources */,
				97F7937029DEE28A00C16803 /* Note_AppUITests.swift in Sources */,
			);
			runOnlyForDeploymentPostprocessing = 0;
		};
/* End PBXSourcesBuildPhase section */

/* Begin PBXTargetDependency section */
		97F7936329DEE28A00C16803 /* PBXTargetDependency */ = {
			isa = PBXTargetDependency;
			target = 97F7934B29DEE28700C16803 /* Note App */;
			targetProxy = 97F7936229DEE28A00C16803 /* PBXContainerItemProxy */;
		};
		97F7936D29DEE28A00C16803 /* PBXTargetDependency */ = {
			isa = PBXTargetDependency;
			target = 97F7934B29DEE28700C16803 /* Note App */;
			targetProxy = 97F7936C29DEE28A00C16803 /* PBXContainerItemProxy */;
		};
/* End PBXTargetDependency section */

/* Begin XCBuildConfiguration section */
		97F7937329DEE28A00C16803 /* Debug */ = {
			isa = XCBuildConfiguration;
			buildSettings = {
				ALWAYS_SEARCH_USER_PATHS = NO;
				CLANG_ANALYZER_NONNULL = YES;
				CLANG_ANALYZER_NUMBER_OBJECT_CONVERSION = YES_AGGRESSIVE;
				CLANG_CXX_LANGUAGE_STANDARD = "gnu++20";
				CLANG_ENABLE_MODULES = YES;
				CLANG_ENABLE_OBJC_ARC = YES;
				CLANG_ENABLE_OBJC_WEAK = YES;
				CLANG_WARN_BLOCK_CAPTURE_AUTORELEASING = YES;
				CLANG_WARN_BOOL_CONVERSION = YES;
				CLANG_WARN_COMMA = YES;
				CLANG_WARN_CONSTANT_CONVERSION = YES;
				CLANG_WARN_DEPRECATED_OBJC_IMPLEMENTATIONS = YES;
				CLANG_WARN_DIRECT_OBJC_ISA_USAGE = YES_ERROR;
				CLANG_WARN_DOCUMENTATION_COMMENTS = YES;
				CLANG_WARN_EMPTY_BODY = YES;
				CLANG_WARN_ENUM_CONVERSION = YES;
				CLANG_WARN_INFINITE_RECURSION = YES;
				CLANG_WARN_INT_CONVERSION = YES;
				CLANG_WARN_NON_LITERAL_NULL_CONVERSION = YES;
				CLANG_WARN_OBJC_IMPLICIT_RETAIN_SELF = YES;
				CLANG_WARN_OBJC_LITERAL_CONVERSION = YES;
				CLANG_WARN_OBJC_ROOT_CLASS = YES_ERROR;
				CLANG_WARN_QUOTED_INCLUDE_IN_FRAMEWORK_HEADER = YES;
				CLANG_WARN_RANGE_LOOP_ANALYSIS = YES;
				CLANG_WARN_STRICT_PROTOTYPES = YES;
				CLANG_WARN_SUSPICIOUS_MOVE = YES;
				CLANG_WARN_UNGUARDED_AVAILABILITY = YES_AGGRESSIVE;
				CLANG_WARN_UNREACHABLE_CODE = YES;
				CLANG_WARN__DUPLICATE_METHOD_MATCH = YES;
				COPY_PHASE_STRIP = NO;
				DEBUG_INFORMATION_FORMAT = dwarf;
				ENABLE_STRICT_OBJC_MSGSEND = YES;
				ENABLE_TESTABILITY = YES;
				GCC_C_LANGUAGE_STANDARD = gnu11;
				GCC_DYNAMIC_NO_PIC = NO;
				GCC_NO_COMMON_BLOCKS = YES;
				GCC_OPTIMIZATION_LEVEL = 0;
				GCC_PREPROCESSOR_DEFINITIONS = (
					"DEBUG=1",
					"$(inherited)",
				);
				GCC_WARN_64_TO_32_BIT_CONVERSION = YES;
				GCC_WARN_ABOUT_RETURN_TYPE = YES_ERROR;
				GCC_WARN_UNDECLARED_SELECTOR = YES;
				GCC_WARN_UNINITIALIZED_AUTOS = YES_AGGRESSIVE;
				GCC_WARN_UNUSED_FUNCTION = YES;
				GCC_WARN_UNUSED_VARIABLE = YES;
				IPHONEOS_DEPLOYMENT_TARGET = 16.0;
				MTL_ENABLE_DEBUG_INFO = INCLUDE_SOURCE;
				MTL_FAST_MATH = YES;
				ONLY_ACTIVE_ARCH = YES;
				SDKROOT = iphoneos;
				SWIFT_ACTIVE_COMPILATION_CONDITIONS = DEBUG;
				SWIFT_OPTIMIZATION_LEVEL = "-Onone";
			};
			name = Debug;
		};
		97F7937429DEE28A00C16803 /* Release */ = {
			isa = XCBuildConfiguration;
			buildSettings = {
				ALWAYS_SEARCH_USER_PATHS = NO;
				CLANG_ANALYZER_NONNULL = YES;
				CLANG_ANALYZER_NUMBER_OBJECT_CONVERSION = YES_AGGRESSIVE;
				CLANG_CXX_LANGUAGE_STANDARD = "gnu++20";
				CLANG_ENABLE_MODULES = YES;
				CLANG_ENABLE_OBJC_ARC = YES;
				CLANG_ENABLE_OBJC_WEAK = YES;
				CLANG_WARN_BLOCK_CAPTURE_AUTORELEASING = YES;
				CLANG_WARN_BOOL_CONVERSION = YES;
				CLANG_WARN_COMMA = YES;
				CLANG_WARN_CONSTANT_CONVERSION = YES;
				CLANG_WARN_DEPRECATED_OBJC_IMPLEMENTATIONS = YES;
				CLANG_WARN_DIRECT_OBJC_ISA_USAGE = YES_ERROR;
				CLANG_WARN_DOCUMENTATION_COMMENTS = YES;
				CLANG_WARN_EMPTY_BODY = YES;
				CLANG_WARN_ENUM_CONVERSION = YES;
				CLANG_WARN_INFINITE_RECURSION = YES;
				CLANG_WARN_INT_CONVERSION = YES;
				CLANG_WARN_NON_LITERAL_NULL_CONVERSION = YES;
				CLANG_WARN_OBJC_IMPLICIT_RETAIN_SELF = YES;
				CLANG_WARN_OBJC_LITERAL_CONVERSION = YES;
				CLANG_WARN_OBJC_ROOT_CLASS = YES_ERROR;
				CLANG_WARN_QUOTED_INCLUDE_IN_FRAMEWORK_HEADER = YES;
				CLANG_WARN_RANGE_LOOP_ANALYSIS = YES;
				CLANG_WARN_STRICT_PROTOTYPES = YES;
				CLANG_WARN_SUSPICIOUS_MOVE = YES;
				CLANG_WARN_UNGUARDED_AVAILABILITY = YES_AGGRESSIVE;
				CLANG_WARN_UNREACHABLE_CODE = YES;
				CLANG_WARN__DUPLICATE_METHOD_MATCH = YES;
				COPY_PHASE_STRIP = NO;
				DEBUG_INFORMATION_FORMAT = "dwarf-with-dsym";
				ENABLE_NS_ASSERTIONS = NO;
				ENABLE_STRICT_OBJC_MSGSEND = YES;
				GCC_C_LANGUAGE_STANDARD = gnu11;
				GCC_NO_COMMON_BLOCKS = YES;
				GCC_WARN_64_TO_32_BIT_CONVERSION = YES;
				GCC_WARN_ABOUT_RETURN_TYPE = YES_ERROR;
				GCC_WARN_UNDECLARED_SELECTOR = YES;
				GCC_WARN_UNINITIALIZED_AUTOS = YES_AGGRESSIVE;
				GCC_WARN_UNUSED_FUNCTION = YES;
				GCC_WARN_UNUSED_VARIABLE = YES;
				IPHONEOS_DEPLOYMENT_TARGET = 16.0;
				MTL_ENABLE_DEBUG_INFO = NO;
				MTL_FAST_MATH = YES;
				SDKROOT = iphoneos;
				SWIFT_COMPILATION_MODE = wholemodule;
				SWIFT_OPTIMIZATION_LEVEL = "-O";
				VALIDATE_PRODUCT = YES;
			};
			name = Release;
		};
		97F7937629DEE28A00C16803 /* Debug */ = {
			isa = XCBuildConfiguration;
			buildSettings = {
				ASSETCATALOG_COMPILER_APPICON_NAME = AppIcon;
				ASSETCATALOG_COMPILER_GLOBAL_ACCENT_COLOR_NAME = AccentColor;
				CODE_SIGN_STYLE = Automatic;
				CURRENT_PROJECT_VERSION = 1;
				DEVELOPMENT_ASSET_PATHS = "\"Note App/Preview Content\"";
				DEVELOPMENT_TEAM = TQM9DBNZR5;
				ENABLE_PREVIEWS = YES;
				GENERATE_INFOPLIST_FILE = YES;
				INFOPLIST_KEY_UIApplicationSceneManifest_Generation = YES;
				INFOPLIST_KEY_UIApplicationSupportsIndirectInputEvents = YES;
				INFOPLIST_KEY_UILaunchScreen_Generation = YES;
				INFOPLIST_KEY_UISupportedInterfaceOrientations_iPad = "UIInterfaceOrientationPortrait UIInterfaceOrientationPortraitUpsideDown UIInterfaceOrientationLandscapeLeft UIInterfaceOrientationLandscapeRight";
				INFOPLIST_KEY_UISupportedInterfaceOrientations_iPhone = "UIInterfaceOrientationPortrait UIInterfaceOrientationLandscapeLeft UIInterfaceOrientationLandscapeRight";
				LD_RUNPATH_SEARCH_PATHS = (
					"$(inherited)",
					"@executable_path/Frameworks",
				);
				MARKETING_VERSION = 1.0;
				PRODUCT_BUNDLE_IDENTIFIER = "com.todo.Note-App";
				PRODUCT_NAME = "$(TARGET_NAME)";
				SWIFT_EMIT_LOC_STRINGS = YES;
				SWIFT_VERSION = 5.0;
				TARGETED_DEVICE_FAMILY = "1,2";
			};
			name = Debug;
		};
		97F7937729DEE28A00C16803 /* Release */ = {
			isa = XCBuildConfiguration;
			buildSettings = {
				ASSETCATALOG_COMPILER_APPICON_NAME = AppIcon;
				ASSETCATALOG_COMPILER_GLOBAL_ACCENT_COLOR_NAME = AccentColor;
				CODE_SIGN_STYLE = Automatic;
				CURRENT_PROJECT_VERSION = 1;
				DEVELOPMENT_ASSET_PATHS = "\"Note App/Preview Content\"";
				DEVELOPMENT_TEAM = TQM9DBNZR5;
				ENABLE_PREVIEWS = YES;
				GENERATE_INFOPLIST_FILE = YES;
				INFOPLIST_KEY_UIApplicationSceneManifest_Generation = YES;
				INFOPLIST_KEY_UIApplicationSupportsIndirectInputEvents = YES;
				INFOPLIST_KEY_UILaunchScreen_Generation = YES;
				INFOPLIST_KEY_UISupportedInterfaceOrientations_iPad = "UIInterfaceOrientationPortrait UIInterfaceOrientationPortraitUpsideDown UIInterfaceOrientationLandscapeLeft UIInterfaceOrientationLandscapeRight";
				INFOPLIST_KEY_UISupportedInterfaceOrientations_iPhone = "UIInterfaceOrientationPortrait UIInterfaceOrientationLandscapeLeft UIInterfaceOrientationLandscapeRight";
				LD_RUNPATH_SEARCH_PATHS = (
					"$(inherited)",
					"@executable_path/Frameworks",
				);
				MARKETING_VERSION = 1.0;
				PRODUCT_BUNDLE_IDENTIFIER = "com.todo.Note-App";
				PRODUCT_NAME = "$(TARGET_NAME)";
				SWIFT_EMIT_LOC_STRINGS = YES;
				SWIFT_VERSION = 5.0;
				TARGETED_DEVICE_FAMILY = "1,2";
			};
			name = Release;
		};
		97F7937929DEE28A00C16803 /* Debug */ = {
			isa = XCBuildConfiguration;
			buildSettings = {
				ALWAYS_EMBED_SWIFT_STANDARD_LIBRARIES = YES;
				BUNDLE_LOADER = "$(TEST_HOST)";
				CODE_SIGN_STYLE = Automatic;
				CURRENT_PROJECT_VERSION = 1;
				DEVELOPMENT_TEAM = TQM9DBNZR5;
				GENERATE_INFOPLIST_FILE = YES;
				IPHONEOS_DEPLOYMENT_TARGET = 16.0;
				MARKETING_VERSION = 1.0;
				PRODUCT_BUNDLE_IDENTIFIER = "com.todo.Note-AppTests";
				PRODUCT_NAME = "$(TARGET_NAME)";
				SWIFT_EMIT_LOC_STRINGS = NO;
				SWIFT_VERSION = 5.0;
				TARGETED_DEVICE_FAMILY = "1,2";
				TEST_HOST = "$(BUILT_PRODUCTS_DIR)/Note App.app/$(BUNDLE_EXECUTABLE_FOLDER_PATH)/Note App";
			};
			name = Debug;
		};
		97F7937A29DEE28A00C16803 /* Release */ = {
			isa = XCBuildConfiguration;
			buildSettings = {
				ALWAYS_EMBED_SWIFT_STANDARD_LIBRARIES = YES;
				BUNDLE_LOADER = "$(TEST_HOST)";
				CODE_SIGN_STYLE = Automatic;
				CURRENT_PROJECT_VERSION = 1;
				DEVELOPMENT_TEAM = TQM9DBNZR5;
				GENERATE_INFOPLIST_FILE = YES;
				IPHONEOS_DEPLOYMENT_TARGET = 16.0;
				MARKETING_VERSION = 1.0;
				PRODUCT_BUNDLE_IDENTIFIER = "com.todo.Note-AppTests";
				PRODUCT_NAME = "$(TARGET_NAME)";
				SWIFT_EMIT_LOC_STRINGS = NO;
				SWIFT_VERSION = 5.0;
				TARGETED_DEVICE_FAMILY = "1,2";
				TEST_HOST = "$(BUILT_PRODUCTS_DIR)/Note App.app/$(BUNDLE_EXECUTABLE_FOLDER_PATH)/Note App";
			};
			name = Release;
		};
		97F7937C29DEE28A00C16803 /* Debug */ = {
			isa = XCBuildConfiguration;
			buildSettings = {
				ALWAYS_EMBED_SWIFT_STANDARD_LIBRARIES = YES;
				CODE_SIGN_STYLE = Automatic;
				CURRENT_PROJECT_VERSION = 1;
				DEVELOPMENT_TEAM = TQM9DBNZR5;
				GENERATE_INFOPLIST_FILE = YES;
				MARKETING_VERSION = 1.0;
				PRODUCT_BUNDLE_IDENTIFIER = "com.todo.Note-AppUITests";
				PRODUCT_NAME = "$(TARGET_NAME)";
				SWIFT_EMIT_LOC_STRINGS = NO;
				SWIFT_VERSION = 5.0;
				TARGETED_DEVICE_FAMILY = "1,2";
				TEST_TARGET_NAME = "Note App";
			};
			name = Debug;
		};
		97F7937D29DEE28A00C16803 /* Release */ = {
			isa = XCBuildConfiguration;
			buildSettings = {
				ALWAYS_EMBED_SWIFT_STANDARD_LIBRARIES = YES;
				CODE_SIGN_STYLE = Automatic;
				CURRENT_PROJECT_VERSION = 1;
				DEVELOPMENT_TEAM = TQM9DBNZR5;
				GENERATE_INFOPLIST_FILE = YES;
				MARKETING_VERSION = 1.0;
				PRODUCT_BUNDLE_IDENTIFIER = "com.todo.Note-AppUITests";
				PRODUCT_NAME = "$(TARGET_NAME)";
				SWIFT_EMIT_LOC_STRINGS = NO;
				SWIFT_VERSION = 5.0;
				TARGETED_DEVICE_FAMILY = "1,2";
				TEST_TARGET_NAME = "Note App";
			};
			name = Release;
		};
/* End XCBuildConfiguration section */

/* Begin XCConfigurationList section */
		97F7934729DEE28700C16803 /* Build configuration list for PBXProject "Note App" */ = {
			isa = XCConfigurationList;
			buildConfigurations = (
				97F7937329DEE28A00C16803 /* Debug */,
				97F7937429DEE28A00C16803 /* Release */,
			);
			defaultConfigurationIsVisible = 0;
			defaultConfigurationName = Release;
		};
		97F7937529DEE28A00C16803 /* Build configuration list for PBXNativeTarget "Note App" */ = {
			isa = XCConfigurationList;
			buildConfigurations = (
				97F7937629DEE28A00C16803 /* Debug */,
				97F7937729DEE28A00C16803 /* Release */,
			);
			defaultConfigurationIsVisible = 0;
			defaultConfigurationName = Release;
		};
		97F7937829DEE28A00C16803 /* Build configuration list for PBXNativeTarget "Note AppTests" */ = {
			isa = XCConfigurationList;
			buildConfigurations = (
				97F7937929DEE28A00C16803 /* Debug */,
				97F7937A29DEE28A00C16803 /* Release */,
			);
			defaultConfigurationIsVisible = 0;
			defaultConfigurationName = Release;
		};
		97F7937B29DEE28A00C16803 /* Build configuration list for PBXNativeTarget "Note AppUITests" */ = {
			isa = XCConfigurationList;
			buildConfigurations = (
				97F7937C29DEE28A00C16803 /* Debug */,
				97F7937D29DEE28A00C16803 /* Release */,
			);
			defaultConfigurationIsVisible = 0;
			defaultConfigurationName = Release;
		};
/* End XCConfigurationList section */

/* Begin XCVersionGroup section */
		97F7935A29DEE28900C16803 /* Note_App.xcdatamodeld */ = {
			isa = XCVersionGroup;
			children = (
				97F7935B29DEE28900C16803 /* Note_App.xcdatamodel */,
			);
			currentVersion = 97F7935B29DEE28900C16803 /* Note_App.xcdatamodel */;
			path = Note_App.xcdatamodeld;
			sourceTree = "<group>";
			versionGroupType = wrapper.xcdatamodel;
		};
/* End XCVersionGroup section */
	};
	rootObject = 97F7934429DEE28700C16803 /* Project object */;
}
